
Microsoft Visual Studio Solution File, Format Version 12.00
# Visual Studio 2012
Project("{FAE04EC0-301F-11D3-BF4B-00C04F79EFBC}") = "ScheduleMagic", "ScheduleMagic\ScheduleMagic.csproj", "{A74A6BBC-CD4F-4A7E-9FCF-E1AC8D0D8E11}"
EndProject
Project("{2150E333-8FDC-42A3-9474-1A3956D46DE8}") = "Solution Items", "Solution Items", "{FF1587EF-20A2-4F23-A175-BCE17402461D}"
	ProjectSection(SolutionItems) = preProject
		LICENSE.txt = LICENSE.txt
		README.md = README.md
	EndProjectSection
EndProject
Project("{FAE04EC0-301F-11D3-BF4B-00C04F79EFBC}") = "ScheduleMagic.Example", "ScheduleMagic.Example\ScheduleMagic.Example.csproj", "{A5677E9F-FB16-43C4-AA6C-F2B6481EC84B}"
EndProject
Global
	GlobalSection(SolutionConfigurationPlatforms) = preSolution
		Debug|Any CPU = Debug|Any CPU
		Release|Any CPU = Release|Any CPU
	EndGlobalSection
	GlobalSection(ProjectConfigurationPlatforms) = postSolution
		{A74A6BBC-CD4F-4A7E-9FCF-E1AC8D0D8E11}.Debug|Any CPU.ActiveCfg = Debug|Any CPU
		{A74A6BBC-CD4F-4A7E-9FCF-E1AC8D0D8E11}.Debug|Any CPU.Build.0 = Debug|Any CPU
		{A74A6BBC-CD4F-4A7E-9FCF-E1AC8D0D8E11}.Release|Any CPU.ActiveCfg = Release|Any CPU
		{A74A6BBC-CD4F-4A7E-9FCF-E1AC8D0D8E11}.Release|Any CPU.Build.0 = Release|Any CPU
		{A5677E9F-FB16-43C4-AA6C-F2B6481EC84B}.Debug|Any CPU.ActiveCfg = Debug|Any CPU
		{A5677E9F-FB16-43C4-AA6C-F2B6481EC84B}.Debug|Any CPU.Build.0 = Debug|Any CPU
		{A5677E9F-FB16-43C4-AA6C-F2B6481EC84B}.Release|Any CPU.ActiveCfg = Release|Any CPU
		{A5677E9F-FB16-43C4-AA6C-F2B6481EC84B}.Release|Any CPU.Build.0 = Release|Any CPU
	EndGlobalSection
	GlobalSection(SolutionProperties) = preSolution
		HideSolutionNode = FALSE
	EndGlobalSection
EndGlobal
